
Microsoft Visual Studio Solution File, Format Version 12.00
Project("{FAE04EC0-301F-11D3-BF4B-00C04F79EFBC}") = "CargoFit", "CargoFit\CargoFit.csproj", "{A9961B8C-83E9-418F-91CE-CD28FD30E0CF}"
EndProject
Project("{FAE04EC0-301F-11D3-BF4B-00C04F79EFBC}") = "CargoFit.Tests", "CargoFit.Tests\CargoFit.Tests.csproj", "{677A727C-79B0-426A-82C6-41F42E03FDBE}"
EndProject
Project("{FAE04EC0-301F-11D3-BF4B-00C04F79EFBC}") = "CargoFit.LicenseServer.Core", "CargoFit.LicenseServer.Core\CargoFit.LicenseServer.Core.csproj", "{819643EB-7924-42FC-9DEB-02611687DB4E}"
EndProject
Project("{FAE04EC0-301F-11D3-BF4B-00C04F79EFBC}") = "CargoFit.LicenseServer", "CargoFit.LicenseServer\CargoFit.LicenseServer.csproj", "{F355014A-EA1E-47F1-9025-76A44B4C6BDF}"
EndProject
Project("{FAE04EC0-301F-11D3-BF4B-00C04F79EFBC}") = "CargoFit.LicenseAdmin", "CargoFit.LicenseAdmin\CargoFit.LicenseAdmin.csproj", "{9439443D-F2B3-45AB-9E96-08CA280EF621}"
EndProject
Project("{FAE04EC0-301F-11D3-BF4B-00C04F79EFBC}") = "CargoFit.Installer", "CargoFit.Installer\CargoFit.Installer.csproj", "{9547F0BB-B91F-4484-AECC-FE0CB1B456E2}"
EndProject
Global
	GlobalSection(SolutionConfigurationPlatforms) = preSolution
		Debug|Any CPU = Debug|Any CPU
		Debug|x64 = Debug|x64
		Debug|x86 = Debug|x86
		Release|Any CPU = Release|Any CPU
		Release|x64 = Release|x64
		Release|x86 = Release|x86
	EndGlobalSection
	GlobalSection(ProjectConfigurationPlatforms) = postSolution
		{A9961B8C-83E9-418F-91CE-CD28FD30E0CF}.Debug|Any CPU.ActiveCfg = Debug|Any CPU
		{A9961B8C-83E9-418F-91CE-CD28FD30E0CF}.Debug|Any CPU.Build.0 = Debug|Any CPU
		{A9961B8C-83E9-418F-91CE-CD28FD30E0CF}.Debug|x64.ActiveCfg = Debug|Any CPU
		{A9961B8C-83E9-418F-91CE-CD28FD30E0CF}.Debug|x64.Build.0 = Debug|Any CPU
		{A9961B8C-83E9-418F-91CE-CD28FD30E0CF}.Debug|x86.ActiveCfg = Debug|Any CPU
		{A9961B8C-83E9-418F-91CE-CD28FD30E0CF}.Debug|x86.Build.0 = Debug|Any CPU
		{A9961B8C-83E9-418F-91CE-CD28FD30E0CF}.Release|Any CPU.ActiveCfg = Release|Any CPU
		{A9961B8C-83E9-418F-91CE-CD28FD30E0CF}.Release|Any CPU.Build.0 = Release|Any CPU
		{A9961B8C-83E9-418F-91CE-CD28FD30E0CF}.Release|x64.ActiveCfg = Release|Any CPU
		{A9961B8C-83E9-418F-91CE-CD28FD30E0CF}.Release|x64.Build.0 = Release|Any CPU
		{A9961B8C-83E9-418F-91CE-CD28FD30E0CF}.Release|x86.ActiveCfg = Release|Any CPU
		{A9961B8C-83E9-418F-91CE-CD28FD30E0CF}.Release|x86.Build.0 = Release|Any CPU
		{677A727C-79B0-426A-82C6-41F42E03FDBE}.Debug|Any CPU.ActiveCfg = Debug|Any CPU
		{677A727C-79B0-426A-82C6-41F42E03FDBE}.Debug|Any CPU.Build.0 = Debug|Any CPU
		{677A727C-79B0-426A-82C6-41F42E03FDBE}.Debug|x64.ActiveCfg = Debug|Any CPU
		{677A727C-79B0-426A-82C6-41F42E03FDBE}.Debug|x64.Build.0 = Debug|Any CPU
		{677A727C-79B0-426A-82C6-41F42E03FDBE}.Debug|x86.ActiveCfg = Debug|Any CPU
		{677A727C-79B0-426A-82C6-41F42E03FDBE}.Debug|x86.Build.0 = Debug|Any CPU
		{677A727C-79B0-426A-82C6-41F42E03FDBE}.Release|Any CPU.ActiveCfg = Release|Any CPU
		{677A727C-79B0-426A-82C6-41F42E03FDBE}.Release|Any CPU.Build.0 = Release|Any CPU
		{677A727C-79B0-426A-82C6-41F42E03FDBE}.Release|x64.ActiveCfg = Release|Any CPU
		{677A727C-79B0-426A-82C6-41F42E03FDBE}.Release|x64.Build.0 = Release|Any CPU
		{677A727C-79B0-426A-82C6-41F42E03FDBE}.Release|x86.ActiveCfg = Release|Any CPU
		{677A727C-79B0-426A-82C6-41F42E03FDBE}.Release|x86.Build.0 = Release|Any CPU
		{819643EB-7924-42FC-9DEB-02611687DB4E}.Debug|Any CPU.ActiveCfg = Debug|Any CPU
		{819643EB-7924-42FC-9DEB-02611687DB4E}.Debug|Any CPU.Build.0 = Debug|Any CPU
		{819643EB-7924-42FC-9DEB-02611687DB4E}.Debug|x64.ActiveCfg = Debug|Any CPU
		{819643EB-7924-42FC-9DEB-02611687DB4E}.Debug|x64.Build.0 = Debug|Any CPU
		{819643EB-7924-42FC-9DEB-02611687DB4E}.Debug|x86.ActiveCfg = Debug|Any CPU
		{819643EB-7924-42FC-9DEB-02611687DB4E}.Debug|x86.Build.0 = Debug|Any CPU
		{819643EB-7924-42FC-9DEB-02611687DB4E}.Release|Any CPU.ActiveCfg = Release|Any CPU
		{819643EB-7924-42FC-9DEB-02611687DB4E}.Release|Any CPU.Build.0 = Release|Any CPU
		{819643EB-7924-42FC-9DEB-02611687DB4E}.Release|x64.ActiveCfg = Release|Any CPU
		{819643EB-7924-42FC-9DEB-02611687DB4E}.Release|x64.Build.0 = Release|Any CPU
		{819643EB-7924-42FC-9DEB-02611687DB4E}.Release|x86.ActiveCfg = Release|Any CPU
		{819643EB-7924-42FC-9DEB-02611687DB4E}.Release|x86.Build.0 = Release|Any CPU
		{F355014A-EA1E-47F1-9025-76A44B4C6BDF}.Debug|Any CPU.ActiveCfg = Debug|Any CPU
		{F355014A-EA1E-47F1-9025-76A44B4C6BDF}.Debug|Any CPU.Build.0 = Debug|Any CPU
		{F355014A-EA1E-47F1-9025-76A44B4C6BDF}.Debug|x64.ActiveCfg = Debug|Any CPU
		{F355014A-EA1E-47F1-9025-76A44B4C6BDF}.Debug|x64.Build.0 = Debug|Any CPU
		{F355014A-EA1E-47F1-9025-76A44B4C6BDF}.Debug|x86.ActiveCfg = Debug|Any CPU
		{F355014A-EA1E-47F1-9025-76A44B4C6BDF}.Debug|x86.Build.0 = Debug|Any CPU
		{F355014A-EA1E-47F1-9025-76A44B4C6BDF}.Release|Any CPU.ActiveCfg = Release|Any CPU
		{F355014A-EA1E-47F1-9025-76A44B4C6BDF}.Release|Any CPU.Build.0 = Release|Any CPU
		{F355014A-EA1E-47F1-9025-76A44B4C6BDF}.Release|x64.ActiveCfg = Release|Any CPU
		{F355014A-EA1E-47F1-9025-76A44B4C6BDF}.Release|x64.Build.0 = Release|Any CPU
		{F355014A-EA1E-47F1-9025-76A44B4C6BDF}.Release|x86.ActiveCfg = Release|Any CPU
		{F355014A-EA1E-47F1-9025-76A44B4C6BDF}.Release|x86.Build.0 = Release|Any CPU
		{9439443D-F2B3-45AB-9E96-08CA280EF621}.Debug|Any CPU.ActiveCfg = Debug|Any CPU
		{9439443D-F2B3-45AB-9E96-08CA280EF621}.Debug|Any CPU.Build.0 = Debug|Any CPU
		{9439443D-F2B3-45AB-9E96-08CA280EF621}.Debug|x64.ActiveCfg = Debug|Any CPU
		{9439443D-F2B3-45AB-9E96-08CA280EF621}.Debug|x64.Build.0 = Debug|Any CPU
		{9439443D-F2B3-45AB-9E96-08CA280EF621}.Debug|x86.ActiveCfg = Debug|Any CPU
		{9439443D-F2B3-45AB-9E96-08CA280EF621}.Debug|x86.Build.0 = Debug|Any CPU
		{9439443D-F2B3-45AB-9E96-08CA280EF621}.Release|Any CPU.ActiveCfg = Release|Any CPU
		{9439443D-F2B3-45AB-9E96-08CA280EF621}.Release|Any CPU.Build.0 = Release|Any CPU
		{9439443D-F2B3-45AB-9E96-08CA280EF621}.Release|x64.ActiveCfg = Release|Any CPU
		{9439443D-F2B3-45AB-9E96-08CA280EF621}.Release|x64.Build.0 = Release|Any CPU
		{9439443D-F2B3-45AB-9E96-08CA280EF621}.Release|x86.ActiveCfg = Release|Any CPU
		{9439443D-F2B3-45AB-9E96-08CA280EF621}.Release|x86.Build.0 = Release|Any CPU
		{9547F0BB-B91F-4484-AECC-FE0CB1B456E2}.Debug|Any CPU.ActiveCfg = Debug|Any CPU
		{9547F0BB-B91F-4484-AECC-FE0CB1B456E2}.Debug|Any CPU.Build.0 = Debug|Any CPU
		{9547F0BB-B91F-4484-AECC-FE0CB1B456E2}.Debug|x64.ActiveCfg = Debug|Any CPU
		{9547F0BB-B91F-4484-AECC-FE0CB1B456E2}.Debug|x64.Build.0 = Debug|Any CPU
		{9547F0BB-B91F-4484-AECC-FE0CB1B456E2}.Debug|x86.ActiveCfg = Debug|Any CPU
		{9547F0BB-B91F-4484-AECC-FE0CB1B456E2}.Debug|x86.Build.0 = Debug|Any CPU
		{9547F0BB-B91F-4484-AECC-FE0CB1B456E2}.Release|Any CPU.ActiveCfg = Release|Any CPU
		{9547F0BB-B91F-4484-AECC-FE0CB1B456E2}.Release|Any CPU.Build.0 = Release|Any CPU
		{9547F0BB-B91F-4484-AECC-FE0CB1B456E2}.Release|x64.ActiveCfg = Release|Any CPU
		{9547F0BB-B91F-4484-AECC-FE0CB1B456E2}.Release|x64.Build.0 = Release|Any CPU
		{9547F0BB-B91F-4484-AECC-FE0CB1B456E2}.Release|x86.ActiveCfg = Release|Any CPU
		{9547F0BB-B91F-4484-AECC-FE0CB1B456E2}.Release|x86.Build.0 = Release|Any CPU
	EndGlobalSection
	GlobalSection(SolutionProperties) = preSolution
		HideSolutionNode = FALSE
	EndGlobalSection
EndGlobal
